
Microsoft Visual Studio Solution File, Format Version 12.00
# Visual Studio Version 16
VisualStudioVersion = 16.0.31613.86
MinimumVisualStudioVersion = 10.0.40219.1
Project("{FAE04EC0-301F-11D3-BF4B-00C04F79EFBC}") = "Exercicio10", "Exercicio10.csproj", "{86D9371D-F353-4E81-90AF-BFD8E6AE6BB8}"
EndProject
Global
	GlobalSection(SolutionConfigurationPlatforms) = preSolution
		Debug|Any CPU = Debug|Any CPU
		Release|Any CPU = Release|Any CPU
	EndGlobalSection
	GlobalSection(ProjectConfigurationPlatforms) = postSolution
		{86D9371D-F353-4E81-90AF-BFD8E6AE6BB8}.Debug|Any CPU.ActiveCfg = Debug|Any CPU
		{86D9371D-F353-4E81-90AF-BFD8E6AE6BB8}.Debug|Any CPU.Build.0 = Debug|Any CPU
		{86D9371D-F353-4E81-90AF-BFD8E6AE6BB8}.Release|Any CPU.ActiveCfg = Release|Any CPU
		{86D9371D-F353-4E81-90AF-BFD8E6AE6BB8}.Release|Any CPU.Build.0 = Release|Any CPU
	EndGlobalSection
	GlobalSection(SolutionProperties) = preSolution
		HideSolutionNode = FALSE
	EndGlobalSection
	GlobalSection(ExtensibilityGlobals) = postSolution
		SolutionGuid = {292BD70F-2522-469B-9C7F-6CC72680E017}
	EndGlobalSection
EndGlobal
